// !$*UTF8*$!
{
	archiveVersion = 1;
	classes = {
	};
	objectVersion = 50;
	objects = {

/* Begin PBXBuildFile section */
		A758F9F524E3F8A8005983FE /* AppDelegate.swift in Sources */ = {isa = PBXBuildFile; fileRef = A758F9F424E3F8A8005983FE /* AppDelegate.swift */; };
		A758F9F724E3F8A8005983FE /* SceneDelegate.swift in Sources */ = {isa = PBXBuildFile; fileRef = A758F9F624E3F8A8005983FE /* SceneDelegate.swift */; };
		A758F9FC24E3F8A8005983FE /* Main.storyboard in Resources */ = {isa = PBXBuildFile; fileRef = A758F9FA24E3F8A8005983FE /* Main.storyboard */; };
		A758F9FF24E3F8A8005983FE /* JHMeMO.xcdatamodeld in Sources */ = {isa = PBXBuildFile; fileRef = A758F9FD24E3F8A8005983FE /* JHMeMO.xcdatamodeld */; };
		A758FA0124E3F8AA005983FE /* Assets.xcassets in Resources */ = {isa = PBXBuildFile; fileRef = A758FA0024E3F8AA005983FE /* Assets.xcassets */; };
		A758FA0424E3F8AA005983FE /* LaunchScreen.storyboard in Resources */ = {isa = PBXBuildFile; fileRef = A758FA0224E3F8AA005983FE /* LaunchScreen.storyboard */; };
		A7BC498424E551110099E965 /* Model.swift in Sources */ = {isa = PBXBuildFile; fileRef = A7BC498324E551110099E965 /* Model.swift */; };
		A7BC498624E553F40099E965 /* MemoListTableViewController.swift in Sources */ = {isa = PBXBuildFile; fileRef = A7BC498524E553F40099E965 /* MemoListTableViewController.swift */; };
		A7BC498A24E563FE0099E965 /* ComposeViewController.swift in Sources */ = {isa = PBXBuildFile; fileRef = A7BC498924E563FE0099E965 /* ComposeViewController.swift */; };
		A7BC498C24E56F670099E965 /* UIViewController+Alert.swift in Sources */ = {isa = PBXBuildFile; fileRef = A7BC498B24E56F670099E965 /* UIViewController+Alert.swift */; };
		A7BC498E24E92C390099E965 /* DetailViewController.swift in Sources */ = {isa = PBXBuildFile; fileRef = A7BC498D24E92C390099E965 /* DetailViewController.swift */; };
		A7BC499124EA69F10099E965 /* DataManager.swift in Sources */ = {isa = PBXBuildFile; fileRef = A7BC499024EA69F10099E965 /* DataManager.swift */; };
/* End PBXBuildFile section */

/* Begin PBXFileReference section */
		A758F9F124E3F8A8005983FE /* JHMeMO.app */ = {isa = PBXFileReference; explicitFileType = wrapper.application; includeInIndex = 0; path = JHMeMO.app; sourceTree = BUILT_PRODUCTS_DIR; };
		A758F9F424E3F8A8005983FE /* AppDelegate.swift */ = {isa = PBXFileReference; lastKnownFileType = sourcecode.swift; path = AppDelegate.swift; sourceTree = "<group>"; };
		A758F9F624E3F8A8005983FE /* SceneDelegate.swift */ = {isa = PBXFileReference; lastKnownFileType = sourcecode.swift; path = SceneDelegate.swift; sourceTree = "<group>"; };
		A758F9FB24E3F8A8005983FE /* Base */ = {isa = PBXFileReference; lastKnownFileType = file.storyboard; name = Base; path = Base.lproj/Main.storyboard; sourceTree = "<group>"; };
		A758F9FE24E3F8A8005983FE /* JHMeMO.xcdatamodel */ = {isa = PBXFileReference; lastKnownFileType = wrapper.xcdatamodel; path = JHMeMO.xcdatamodel; sourceTree = "<group>"; };
		A758FA0024E3F8AA005983FE /* Assets.xcassets */ = {isa = PBXFileReference; lastKnownFileType = folder.assetcatalog; path = Assets.xcassets; sourceTree = "<group>"; };
		A758FA0324E3F8AA005983FE /* Base */ = {isa = PBXFileReference; lastKnownFileType = file.storyboard; name = Base; path = Base.lproj/LaunchScreen.storyboard; sourceTree = "<group>"; };
		A758FA0524E3F8AA005983FE /* Info.plist */ = {isa = PBXFileReference; lastKnownFileType = text.plist.xml; path = Info.plist; sourceTree = "<group>"; };
		A7BC498324E551110099E965 /* Model.swift */ = {isa = PBXFileReference; lastKnownFileType = sourcecode.swift; path = Model.swift; sourceTree = "<group>"; };
		A7BC498524E553F40099E965 /* MemoListTableViewController.swift */ = {isa = PBXFileReference; lastKnownFileType = sourcecode.swift; path = MemoListTableViewController.swift; sourceTree = "<group>"; };
		A7BC498924E563FE0099E965 /* ComposeViewController.swift */ = {isa = PBXFileReference; lastKnownFileType = sourcecode.swift; path = ComposeViewController.swift; sourceTree = "<group>"; };
		A7BC498B24E56F670099E965 /* UIViewController+Alert.swift */ = {isa = PBXFileReference; lastKnownFileType = sourcecode.swift; path = "UIViewController+Alert.swift"; sourceTree = "<group>"; };
		A7BC498D24E92C390099E965 /* DetailViewController.swift */ = {isa = PBXFileReference; lastKnownFileType = sourcecode.swift; path = DetailViewController.swift; sourceTree = "<group>"; };
		A7BC499024EA69F10099E965 /* DataManager.swift */ = {isa = PBXFileReference; lastKnownFileType = sourcecode.swift; path = DataManager.swift; sourceTree = "<group>"; };
/* End PBXFileReference section */

/* Begin PBXFrameworksBuildPhase section */
		A758F9EE24E3F8A8005983FE /* Frameworks */ = {
			isa = PBXFrameworksBuildPhase;
			buildActionMask = 2147483647;
			files = (
			);
			runOnlyForDeploymentPostprocessing = 0;
		};
/* End PBXFrameworksBuildPhase section */

/* Begin PBXGroup section */
		A758F9E824E3F8A8005983FE = {
			isa = PBXGroup;
			children = (
				A758F9F324E3F8A8005983FE /* JHMeMO */,
				A758F9F224E3F8A8005983FE /* Products */,
			);
			sourceTree = "<group>";
		};
		A758F9F224E3F8A8005983FE /* Products */ = {
			isa = PBXGroup;
			children = (
				A758F9F124E3F8A8005983FE /* JHMeMO.app */,
			);
			name = Products;
			sourceTree = "<group>";
		};
		A758F9F324E3F8A8005983FE /* JHMeMO */ = {
			isa = PBXGroup;
			children = (
				A7BC498F24EA69D70099E965 /* Data */,
				A7BC498224E550EA0099E965 /* Model */,
				A758F9F424E3F8A8005983FE /* AppDelegate.swift */,
				A758F9F624E3F8A8005983FE /* SceneDelegate.swift */,
				A758F9FA24E3F8A8005983FE /* Main.storyboard */,
				A758FA0024E3F8AA005983FE /* Assets.xcassets */,
				A758FA0224E3F8AA005983FE /* LaunchScreen.storyboard */,
				A758FA0524E3F8AA005983FE /* Info.plist */,
				A758F9FD24E3F8A8005983FE /* JHMeMO.xcdatamodeld */,
				A7BC498524E553F40099E965 /* MemoListTableViewController.swift */,
				A7BC498924E563FE0099E965 /* ComposeViewController.swift */,
				A7BC498B24E56F670099E965 /* UIViewController+Alert.swift */,
				A7BC498D24E92C390099E965 /* DetailViewController.swift */,
			);
			path = JHMeMO;
			sourceTree = "<group>";
		};
		A7BC498224E550EA0099E965 /* Model */ = {
			isa = PBXGroup;
			children = (
				A7BC498324E551110099E965 /* Model.swift */,
			);
			path = Model;
			sourceTree = "<group>";
		};
		A7BC498F24EA69D70099E965 /* Data */ = {
			isa = PBXGroup;
			children = (
				A7BC499024EA69F10099E965 /* DataManager.swift */,
			);
			path = Data;
			sourceTree = "<group>";
		};
/* End PBXGroup section */

/* Begin PBXNativeTarget section */
		A758F9F024E3F8A8005983FE /* JHMeMO */ = {
			isa = PBXNativeTarget;
			buildConfigurationList = A758FA0824E3F8AA005983FE /* Build configuration list for PBXNativeTarget "JHMeMO" */;
			buildPhases = (
				A758F9ED24E3F8A8005983FE /* Sources */,
				A758F9EE24E3F8A8005983FE /* Frameworks */,
				A758F9EF24E3F8A8005983FE /* Resources */,
			);
			buildRules = (
			);
			dependencies = (
			);
			name = JHMeMO;
			productName = JHMeMO;
			productReference = A758F9F124E3F8A8005983FE /* JHMeMO.app */;
			productType = "com.apple.product-type.application";
		};
/* End PBXNativeTarget section */

/* Begin PBXProject section */
		A758F9E924E3F8A8005983FE /* Project object */ = {
			isa = PBXProject;
			attributes = {
				LastSwiftUpdateCheck = 1160;
				LastUpgradeCheck = 1160;
				ORGANIZATIONNAME = JH;
				TargetAttributes = {
					A758F9F024E3F8A8005983FE = {
						CreatedOnToolsVersion = 11.6;
					};
				};
			};
			buildConfigurationList = A758F9EC24E3F8A8005983FE /* Build configuration list for PBXProject "JHMeMO" */;
			compatibilityVersion = "Xcode 9.3";
			developmentRegion = en;
			hasScannedForEncodings = 0;
			knownRegions = (
				en,
				Base,
			);
			mainGroup = A758F9E824E3F8A8005983FE;
			productRefGroup = A758F9F224E3F8A8005983FE /* Products */;
			projectDirPath = "";
			projectRoot = "";
			targets = (
				A758F9F024E3F8A8005983FE /* JHMeMO */,
			);
		};
/* End PBXProject section */

/* Begin PBXResourcesBuildPhase section */
		A758F9EF24E3F8A8005983FE /* Resources */ = {
			isa = PBXResourcesBuildPhase;
			buildActionMask = 2147483647;
			files = (
				A758FA0424E3F8AA005983FE /* LaunchScreen.storyboard in Resources */,
				A758FA0124E3F8AA005983FE /* Assets.xcassets in Resources */,
				A758F9FC24E3F8A8005983FE /* Main.storyboard in Resources */,
			);
			runOnlyForDeploymentPostprocessing = 0;
		};
/* End PBXResourcesBuildPhase section */

/* Begin PBXSourcesBuildPhase section */
		A758F9ED24E3F8A8005983FE /* Sources */ = {
			isa = PBXSourcesBuildPhase;
			buildActionMask = 2147483647;
			files = (
				A758F9F524E3F8A8005983FE /* AppDelegate.swift in Sources */,
				A758F9F724E3F8A8005983FE /* SceneDelegate.swift in Sources */,
				A7BC498624E553F40099E965 /* MemoListTableViewController.swift in Sources */,
				A7BC498A24E563FE0099E965 /* ComposeViewController.swift in Sources */,
				A758F9FF24E3F8A8005983FE /* JHMeMO.xcdatamodeld in Sources */,
				A7BC498424E551110099E965 /* Model.swift in Sources */,
				A7BC498C24E56F670099E965 /* UIViewController+Alert.swift in Sources */,
				A7BC499124EA69F10099E965 /* DataManager.swift in Sources */,
				A7BC498E24E92C390099E965 /* DetailViewController.swift in Sources */,
			);
			runOnlyForDeploymentPostprocessing = 0;
		};
/* End PBXSourcesBuildPhase section */

/* Begin PBXVariantGroup section */
		A758F9FA24E3F8A8005983FE /* Main.storyboard */ = {
			isa = PBXVariantGroup;
			children = (
				A758F9FB24E3F8A8005983FE /* Base */,
			);
			name = Main.storyboard;
			sourceTree = "<group>";
		};
		A758FA0224E3F8AA005983FE /* LaunchScreen.storyboard */ = {
			isa = PBXVariantGroup;
			children = (
				A758FA0324E3F8AA005983FE /* Base */,
			);
			name = LaunchScreen.storyboard;
			sourceTree = "<group>";
		};
/* End PBXVariantGroup section */

/* Begin XCBuildConfiguration section */
		A758FA0624E3F8AA005983FE /* Debug */ = {
			isa = XCBuildConfiguration;
			buildSettings = {
				ALWAYS_SEARCH_USER_PATHS = NO;
				CLANG_ANALYZER_NONNULL = YES;
				CLANG_ANALYZER_NUMBER_OBJECT_CONVERSION = YES_AGGRESSIVE;
				CLANG_CXX_LANGUAGE_STANDARD = "gnu++14";
				CLANG_CXX_LIBRARY = "libc++";
				CLANG_ENABLE_MODULES = YES;
				CLANG_ENABLE_OBJC_ARC = YES;
				CLANG_ENABLE_OBJC_WEAK = YES;
				CLANG_WARN_BLOCK_CAPTURE_AUTORELEASING = YES;
				CLANG_WARN_BOOL_CONVERSION = YES;
				CLANG_WARN_COMMA = YES;
				CLANG_WARN_CONSTANT_CONVERSION = YES;
				CLANG_WARN_DEPRECATED_OBJC_IMPLEMENTATIONS = YES;
				CLANG_WARN_DIRECT_OBJC_ISA_USAGE = YES_ERROR;
				CLANG_WARN_DOCUMENTATION_COMMENTS = YES;
				CLANG_WARN_EMPTY_BODY = YES;
				CLANG_WARN_ENUM_CONVERSION = YES;
				CLANG_WARN_INFINITE_RECURSION = YES;
				CLANG_WARN_INT_CONVERSION = YES;
				CLANG_WARN_NON_LITERAL_NULL_CONVERSION = YES;
				CLANG_WARN_OBJC_IMPLICIT_RETAIN_SELF = YES;
				CLANG_WARN_OBJC_LITERAL_CONVERSION = YES;
				CLANG_WARN_OBJC_ROOT_CLASS = YES_ERROR;
				CLANG_WARN_RANGE_LOOP_ANALYSIS = YES;
				CLANG_WARN_STRICT_PROTOTYPES = YES;
				CLANG_WARN_SUSPICIOUS_MOVE = YES;
				CLANG_WARN_UNGUARDED_AVAILABILITY = YES_AGGRESSIVE;
				CLANG_WARN_UNREACHABLE_CODE = YES;
				CLANG_WARN__DUPLICATE_METHOD_MATCH = YES;
				COPY_PHASE_STRIP = NO;
				DEBUG_INFORMATION_FORMAT = dwarf;
				ENABLE_STRICT_OBJC_MSGSEND = YES;
				ENABLE_TESTABILITY = YES;
				GCC_C_LANGUAGE_STANDARD = gnu11;
				GCC_DYNAMIC_NO_PIC = NO;
				GCC_NO_COMMON_BLOCKS = YES;
				GCC_OPTIMIZATION_LEVEL = 0;
				GCC_PREPROCESSOR_DEFINITIONS = (
					"DEBUG=1",
					"$(inherited)",
				);
				GCC_WARN_64_TO_32_BIT_CONVERSION = YES;
				GCC_WARN_ABOUT_RETURN_TYPE = YES_ERROR;
				GCC_WARN_UNDECLARED_SELECTOR = YES;
				GCC_WARN_UNINITIALIZED_AUTOS = YES_AGGRESSIVE;
				GCC_WARN_UNUSED_FUNCTION = YES;
				GCC_WARN_UNUSED_VARIABLE = YES;
				IPHONEOS_DEPLOYMENT_TARGET = 13.6;
				MTL_ENABLE_DEBUG_INFO = INCLUDE_SOURCE;
				MTL_FAST_MATH = YES;
				ONLY_ACTIVE_ARCH = YES;
				SDKROOT = iphoneos;
				SWIFT_ACTIVE_COMPILATION_CONDITIONS = DEBUG;
				SWIFT_OPTIMIZATION_LEVEL = "-Onone";
			};
			name = Debug;
		};
		A758FA0724E3F8AA005983FE /* Release */ = {
			isa = XCBuildConfiguration;
			buildSettings = {
				ALWAYS_SEARCH_USER_PATHS = NO;
				CLANG_ANALYZER_NONNULL = YES;
				CLANG_ANALYZER_NUMBER_OBJECT_CONVERSION = YES_AGGRESSIVE;
				CLANG_CXX_LANGUAGE_STANDARD = "gnu++14";
				CLANG_CXX_LIBRARY = "libc++";
				CLANG_ENABLE_MODULES = YES;
				CLANG_ENABLE_OBJC_ARC = YES;
				CLANG_ENABLE_OBJC_WEAK = YES;
				CLANG_WARN_BLOCK_CAPTURE_AUTORELEASING = YES;
				CLANG_WARN_BOOL_CONVERSION = YES;
				CLANG_WARN_COMMA = YES;
				CLANG_WARN_CONSTANT_CONVERSION = YES;
				CLANG_WARN_DEPRECATED_OBJC_IMPLEMENTATIONS = YES;
				CLANG_WARN_DIRECT_OBJC_ISA_USAGE = YES_ERROR;
				CLANG_WARN_DOCUMENTATION_COMMENTS = YES;
				CLANG_WARN_EMPTY_BODY = YES;
				CLANG_WARN_ENUM_CONVERSION = YES;
				CLANG_WARN_INFINITE_RECURSION = YES;
				CLANG_WARN_INT_CONVERSION = YES;
				CLANG_WARN_NON_LITERAL_NULL_CONVERSION = YES;
				CLANG_WARN_OBJC_IMPLICIT_RETAIN_SELF = YES;
				CLANG_WARN_OBJC_LITERAL_CONVERSION = YES;
				CLANG_WARN_OBJC_ROOT_CLASS = YES_ERROR;
				CLANG_WARN_RANGE_LOOP_ANALYSIS = YES;
				CLANG_WARN_STRICT_PROTOTYPES = YES;
				CLANG_WARN_SUSPICIOUS_MOVE = YES;
				CLANG_WARN_UNGUARDED_AVAILABILITY = YES_AGGRESSIVE;
				CLANG_WARN_UNREACHABLE_CODE = YES;
				CLANG_WARN__DUPLICATE_METHOD_MATCH = YES;
				COPY_PHASE_STRIP = NO;
				DEBUG_INFORMATION_FORMAT = "dwarf-with-dsym";
				ENABLE_NS_ASSERTIONS = NO;
				ENABLE_STRICT_OBJC_MSGSEND = YES;
				GCC_C_LANGUAGE_STANDARD = gnu11;
				GCC_NO_COMMON_BLOCKS = YES;
				GCC_WARN_64_TO_32_BIT_CONVERSION = YES;
				GCC_WARN_ABOUT_RETURN_TYPE = YES_ERROR;
				GCC_WARN_UNDECLARED_SELECTOR = YES;
				GCC_WARN_UNINITIALIZED_AUTOS = YES_AGGRESSIVE;
				GCC_WARN_UNUSED_FUNCTION = YES;
				GCC_WARN_UNUSED_VARIABLE = YES;
				IPHONEOS_DEPLOYMENT_TARGET = 13.6;
				MTL_ENABLE_DEBUG_INFO = NO;
				MTL_FAST_MATH = YES;
				SDKROOT = iphoneos;
				SWIFT_COMPILATION_MODE = wholemodule;
				SWIFT_OPTIMIZATION_LEVEL = "-O";
				VALIDATE_PRODUCT = YES;
			};
			name = Release;
		};
		A758FA0924E3F8AA005983FE /* Debug */ = {
			isa = XCBuildConfiguration;
			buildSettings = {
				ASSETCATALOG_COMPILER_APPICON_NAME = AppIcon;
				CODE_SIGN_STYLE = Automatic;
				DEVELOPMENT_TEAM = CH57QT784A;
				INFOPLIST_FILE = JHMeMO/Info.plist;
				IPHONEOS_DEPLOYMENT_TARGET = 10.0;
				LD_RUNPATH_SEARCH_PATHS = (
					"$(inherited)",
					"@executable_path/Frameworks",
				);
				PRODUCT_BUNDLE_IDENTIFIER = JH.JHMeMO;
				PRODUCT_NAME = "$(TARGET_NAME)";
				SWIFT_VERSION = 5.0;
				TARGETED_DEVICE_FAMILY = 1;
			};
			name = Debug;
		};
		A758FA0A24E3F8AA005983FE /* Release */ = {
			isa = XCBuildConfiguration;
			buildSettings = {
				ASSETCATALOG_COMPILER_APPICON_NAME = AppIcon;
				CODE_SIGN_STYLE = Automatic;
				DEVELOPMENT_TEAM = CH57QT784A;
				INFOPLIST_FILE = JHMeMO/Info.plist;
				IPHONEOS_DEPLOYMENT_TARGET = 10.0;
				LD_RUNPATH_SEARCH_PATHS = (
					"$(inherited)",
					"@executable_path/Frameworks",
				);
				PRODUCT_BUNDLE_IDENTIFIER = JH.JHMeMO;
				PRODUCT_NAME = "$(TARGET_NAME)";
				SWIFT_VERSION = 5.0;
				TARGETED_DEVICE_FAMILY = 1;
			};
			name = Release;
		};
/* End XCBuildConfiguration section */

/* Begin XCConfigurationList section */
		A758F9EC24E3F8A8005983FE /* Build configuration list for PBXProject "JHMeMO" */ = {
			isa = XCConfigurationList;
			buildConfigurations = (
				A758FA0624E3F8AA005983FE /* Debug */,
				A758FA0724E3F8AA005983FE /* Release */,
			);
			defaultConfigurationIsVisible = 0;
			defaultConfigurationName = Release;
		};
		A758FA0824E3F8AA005983FE /* Build configuration list for PBXNativeTarget "JHMeMO" */ = {
			isa = XCConfigurationList;
			buildConfigurations = (
				A758FA0924E3F8AA005983FE /* Debug */,
				A758FA0A24E3F8AA005983FE /* Release */,
			);
			defaultConfigurationIsVisible = 0;
			defaultConfigurationName = Release;
		};
/* End XCConfigurationList section */

/* Begin XCVersionGroup section */
		A758F9FD24E3F8A8005983FE /* JHMeMO.xcdatamodeld */ = {
			isa = XCVersionGroup;
			children = (
				A758F9FE24E3F8A8005983FE /* JHMeMO.xcdatamodel */,
			);
			currentVersion = A758F9FE24E3F8A8005983FE /* JHMeMO.xcdatamodel */;
			path = JHMeMO.xcdatamodeld;
			sourceTree = "<group>";
			versionGroupType = wrapper.xcdatamodel;
		};
/* End XCVersionGroup section */
	};
	rootObject = A758F9E924E3F8A8005983FE /* Project object */;
}
